{
  "name": "reflib",
  "version": "1.6.6",
  "lockfileVersion": 1,
  "requires": true,
  "dependencies": {
    "argy": {
      "version": "1.3.1",
      "resolved": "https://registry.npmjs.org/argy/-/argy-1.3.1.tgz",
      "integrity": "sha1-nuk6XUvL8yfWxBRIGm5jlrb4IF0="
    },
    "assertion-error": {
      "version": "1.1.0",
      "resolved": "https://registry.npmjs.org/assertion-error/-/assertion-error-1.1.0.tgz",
      "integrity": "sha512-jgsaNduz+ndvGyFt3uSuWqvy4lCnIJiovtouQN5JZHOKCS2QuhEdbcQHFhVksz2N2U9hXJo8odG7ETyWlEeuDw==",
      "dev": true
    },
    "async-chainable": {
      "version": "2.3.2",
      "resolved": "https://registry.npmjs.org/async-chainable/-/async-chainable-2.3.2.tgz",
      "integrity": "sha1-f3cuAwz/Nwx8BpXMs1GjM+498vI=",
      "requires": {
        "argy": "^1.1.0",
        "debug": "^2.2.0"
      }
    },
    "chai": {
      "version": "4.2.0",
      "resolved": "https://registry.npmjs.org/chai/-/chai-4.2.0.tgz",
      "integrity": "sha512-XQU3bhBukrOsQCuwZndwGcCVQHyZi53fQ6Ys1Fym7E4olpIqqZZhhoFJoaKVvV17lWQoXYwgWN2nF5crA8J2jw==",
      "dev": true,
      "requires": {
        "assertion-error": "^1.1.0",
        "check-error": "^1.0.2",
        "deep-eql": "^3.0.1",
        "get-func-name": "^2.0.0",
        "pathval": "^1.1.0",
        "type-detect": "^4.0.5"
      }
    },
    "check-error": {
      "version": "1.0.2",
      "resolved": "https://registry.npmjs.org/check-error/-/check-error-1.0.2.tgz",
      "integrity": "sha1-V00xLt2Iu13YkS6Sht1sCu1KrII=",
      "dev": true
    },
    "csv-parse": {
      "version": "4.4.0",
      "resolved": "https://registry.npmjs.org/csv-parse/-/csv-parse-4.4.0.tgz",
      "integrity": "sha512-rvoRlZxu6Ap8jOkhoQQeI+5y/eTPqEIVk20bxZmo81k2ArUiNLv8LAERTEKarOQuC7BKXGyzSqAKWox115bg7A=="
    },
    "csv-stringify": {
      "version": "5.3.0",
      "resolved": "https://registry.npmjs.org/csv-stringify/-/csv-stringify-5.3.0.tgz",
      "integrity": "sha512-VMYPbE8zWz475smwqb9VbX9cj0y4J0PBl59UdcqzLkzXHZZ8dh4Rmbb0ZywsWEtUml4A96Hn7Q5MW9ppVghYzg==",
      "requires": {
        "lodash.get": "~4.4.2"
      }
    },
    "debug": {
      "version": "2.6.9",
      "resolved": "https://registry.npmjs.org/debug/-/debug-2.6.9.tgz",
      "integrity": "sha512-bC7ElrdJaJnPbAP+1EotYvqZsb3ecl5wi6Bfi6BJTUcNowp6cvspg0jXznRTKDjm/E7AdgFBVeAPVMNcKGsHMA==",
      "requires": {
        "ms": "2.0.0"
      }
    },
    "deep-eql": {
      "version": "3.0.1",
      "resolved": "https://registry.npmjs.org/deep-eql/-/deep-eql-3.0.1.tgz",
      "integrity": "sha512-+QeIQyN5ZuO+3Uk5DYh6/1eKO0m0YmJFGNmFHGACpf1ClL1nmlV/p4gNgbl2pJGxgXb4faqo6UE+M5ACEMyVcw==",
      "dev": true,
      "requires": {
        "type-detect": "^4.0.0"
      }
    },
    "entities": {
      "version": "1.1.2",
      "resolved": "https://registry.npmjs.org/entities/-/entities-1.1.2.tgz",
      "integrity": "sha512-f2LZMYl1Fzu7YSBKg+RoROelpOaNrcGmE9AZubeDfrCEia483oW4MI4VyFd5VNHIgQ/7qm1I0wUHK1eJnn2y2w=="
    },
    "get-func-name": {
      "version": "2.0.0",
      "resolved": "https://registry.npmjs.org/get-func-name/-/get-func-name-2.0.0.tgz",
      "integrity": "sha1-6td0q+5y4gQJQzoGY2YCPdaIekE=",
      "dev": true
    },
    "isstream": {
      "version": "0.1.2",
      "resolved": "https://registry.npmjs.org/isstream/-/isstream-0.1.2.tgz",
      "integrity": "sha1-R+Y/evVa+m+S4VAOaQ64uFKcCZo="
    },
    "json-path": {
      "version": "0.1.3",
      "resolved": "https://registry.npmjs.org/json-path/-/json-path-0.1.3.tgz",
      "integrity": "sha1-3OYTV7OygbKKxkfsCnCbxYoVW/g=",
      "requires": {
        "json-ptr": "~0.1.1"
      }
    },
    "json-ptr": {
      "version": "0.1.1",
      "resolved": "https://registry.npmjs.org/json-ptr/-/json-ptr-0.1.1.tgz",
      "integrity": "sha1-urgqMeKSznr54/x/1lrNG7uSSOg="
    },
    "lodash": {
      "version": "4.17.11",
      "resolved": "https://registry.npmjs.org/lodash/-/lodash-4.17.11.tgz",
      "integrity": "sha512-cQKh8igo5QUhZ7lg38DYWAxMvjSAKG0A8wGSVimP07SIUEK2UO+arSRKbRZWtelMtN5V0Hkwh5ryOto/SshYIg=="
    },
    "lodash.get": {
      "version": "4.4.2",
      "resolved": "https://registry.npmjs.org/lodash.get/-/lodash.get-4.4.2.tgz",
      "integrity": "sha1-LRd/ZS+jHpObRDjVNBSZ36OCXpk="
    },
    "moment": {
      "version": "2.23.0",
      "resolved": "https://registry.npmjs.org/moment/-/moment-2.23.0.tgz",
      "integrity": "sha512-3IE39bHVqFbWWaPOMHZF98Q9c3LDKGTmypMiTM2QygGXXElkFWIH7GxfmlwmY2vwa+wmNsoYZmG2iusf1ZjJoA=="
    },
    "ms": {
      "version": "2.0.0",
      "resolved": "https://registry.npmjs.org/ms/-/ms-2.0.0.tgz",
      "integrity": "sha1-VgiurfwAvmwpAd9fmGF4jeDVl8g="
    },
    "pathval": {
      "version": "1.1.0",
      "resolved": "https://registry.npmjs.org/pathval/-/pathval-1.1.0.tgz",
      "integrity": "sha1-uULm1L3mUwBe9rcTYd74cn0GReA=",
      "dev": true
    },
    "reflib-csv": {
      "version": "1.0.2",
      "resolved": "https://registry.npmjs.org/reflib-csv/-/reflib-csv-1.0.2.tgz",
      "integrity": "sha512-GXGD17xyCs8mgDeol92xJEpis+vM2Q5YuTxZQMH+iZEKWMALX3uiym8rYKow+Hl/UJxso1gQOviQ/Ig34+8BjQ==",
      "requires": {
        "csv-parse": "^4.4.0",
        "csv-stringify": "^5.3.0",
        "lodash": "^4.17.11"
      }
    },
    "reflib-endnotexml": {
      "version": "1.3.12",
      "resolved": "https://registry.npmjs.org/reflib-endnotexml/-/reflib-endnotexml-1.3.12.tgz",
      "integrity": "sha512-NtH19l9eAvgTVP5xpE91XmBPUJzJHytysPvm82jHhvl5bfX5QX3EondRIjRc6gXu5XpbTrlmDuXhy3ZB/qbByw==",
      "requires": {
        "async-chainable": "^2.5.3",
        "entities": "^1.1.2",
        "isstream": "^0.1.2",
        "json-path": "^0.1.3",
        "lodash": "^4.17.11",
        "moment": "^2.22.2",
        "sax": "^1.2.4",
        "xml2js": "^0.4.19"
      },
      "dependencies": {
        "async-chainable": {
          "version": "2.6.0",
          "resolved": "https://registry.npmjs.org/async-chainable/-/async-chainable-2.6.0.tgz",
          "integrity": "sha512-Km4p5BxE/dIKTE5PIazBFGyZUa+8ZBg6WISrHtoDoWCsDrb31dfNfTO0S+xDoNszr38q6Xr6R/6k++vTXNLaXA==",
          "requires": {
            "argy": "^1.3.1",
            "debug": "^3.1.0"
          }
        },
        "debug": {
          "version": "3.2.6",
          "resolved": "https://registry.npmjs.org/debug/-/debug-3.2.6.tgz",
          "integrity": "sha512-mel+jf7nrtEl5Pn1Qx46zARXKDpBbvzezse7p7LqINmdoIk8PYP5SySaxEmYv6TZ0JyEKA1hsCId6DIhgITtWQ==",
          "requires": {
            "ms": "^2.1.1"
          }
        },
        "ms": {
          "version": "2.1.1",
          "resolved": "https://registry.npmjs.org/ms/-/ms-2.1.1.tgz",
          "integrity": "sha512-tgp+dl5cGk28utYktBsrFqA7HKgrhgPsg6Z/EfhWI4gl1Hwq8B/GmY/0oXZ6nF8hDVesS/FpnYaD/kOWhYQvyg=="
        }
      }
    },
    "reflib-json": {
      "version": "1.2.5",
      "resolved": "https://registry.npmjs.org/reflib-json/-/reflib-json-1.2.5.tgz",
      "integrity": "sha512-H3cgTKjWsq0UUHEGHa6KU/t7hyi/fXwe1E6U3r7gRWEeP2Ojv6kee6i3wmRDYvPUhjwW6Nv3ZlSbrRdA+nkBDA==",
      "requires": {
        "async-chainable": "^2.0.0",
        "isstream": "^0.1.2",
        "lodash": "^4.16.1",
        "moment": "^2.15.1"
      }
    },
    "reflib-tsv": {
      "version": "1.0.0",
      "resolved": "https://registry.npmjs.org/reflib-tsv/-/reflib-tsv-1.0.0.tgz",
      "integrity": "sha512-8SZuq+8wcsSqHtjFFYKeuEoojwTUrnH3GDpikaVkqGHyaeiSTh9WV2Gn7M4eM8G+aFT26Wft0vypsKxgXO3J7Q==",
      "requires": {
        "reflib-csv": "^1.0.2"
      }
    },
    "sax": {
      "version": "1.2.4",
      "resolved": "https://registry.npmjs.org/sax/-/sax-1.2.4.tgz",
      "integrity": "sha512-NqVDv9TpANUjFm0N8uM5GxL36UgKi9/atZw+x7YFnQ8ckwFGKrl4xX4yWtrey3UJm5nP1kUbnYgLopqWNSRhWw=="
    },
    "type-detect": {
      "version": "4.0.8",
      "resolved": "https://registry.npmjs.org/type-detect/-/type-detect-4.0.8.tgz",
      "integrity": "sha512-0fr/mIH1dlO+x7TlcMy+bIDqKPsw/70tVyeHW787goQjhmqaZe10uwLujubK9q9Lg6Fiho1KUKDYz0Z7k7g5/g==",
      "dev": true
    },
    "xml2js": {
      "version": "0.4.19",
      "resolved": "https://registry.npmjs.org/xml2js/-/xml2js-0.4.19.tgz",
      "integrity": "sha512-esZnJZJOiJR9wWKMyuvSE1y6Dq5LCuJanqhxslH2bxM6duahNZ+HMpCLhBQGZkbX6xRf8x1Y2eJlgt2q3qo49Q==",
      "requires": {
        "sax": ">=0.6.0",
        "xmlbuilder": "~9.0.1"
      }
    },
    "xmlbuilder": {
      "version": "9.0.7",
      "resolved": "https://registry.npmjs.org/xmlbuilder/-/xmlbuilder-9.0.7.tgz",
      "integrity": "sha1-Ey7mPS7FVlxVfiD0wi35rKaGsQ0="
    }
  }
}
